
Microsoft Visual Studio Solution File, Format Version 12.00
# Visual Studio Version 17
VisualStudioVersion = 17.9.34714.143
MinimumVisualStudioVersion = 10.0.40219.1
Project("{FAE04EC0-301F-11D3-BF4B-00C04F79EFBC}") = "Laba1_Ivanov", "Laba1_Ivanov\Laba1_Ivanov.csproj", "{39C53135-145A-46B4-B247-59826530E2C5}"
EndProject
Project("{FAE04EC0-301F-11D3-BF4B-00C04F79EFBC}") = "UniTest_Laba1", "UniTest_Laba1\UniTest_Laba1.csproj", "{468A871C-31FA-472E-83C2-605C49CC2FAA}"
EndProject
Global
	GlobalSection(SolutionConfigurationPlatforms) = preSolution
		Debug|Any CPU = Debug|Any CPU
		Release|Any CPU = Release|Any CPU
	EndGlobalSection
	GlobalSection(ProjectConfigurationPlatforms) = postSolution
		{39C53135-145A-46B4-B247-59826530E2C5}.Debug|Any CPU.ActiveCfg = Debug|Any CPU
		{39C53135-145A-46B4-B247-59826530E2C5}.Debug|Any CPU.Build.0 = Debug|Any CPU
		{39C53135-145A-46B4-B247-59826530E2C5}.Release|Any CPU.ActiveCfg = Release|Any CPU
		{39C53135-145A-46B4-B247-59826530E2C5}.Release|Any CPU.Build.0 = Release|Any CPU
		{468A871C-31FA-472E-83C2-605C49CC2FAA}.Debug|Any CPU.ActiveCfg = Debug|Any CPU
		{468A871C-31FA-472E-83C2-605C49CC2FAA}.Debug|Any CPU.Build.0 = Debug|Any CPU
		{468A871C-31FA-472E-83C2-605C49CC2FAA}.Release|Any CPU.ActiveCfg = Release|Any CPU
		{468A871C-31FA-472E-83C2-605C49CC2FAA}.Release|Any CPU.Build.0 = Release|Any CPU
	EndGlobalSection
	GlobalSection(SolutionProperties) = preSolution
		HideSolutionNode = FALSE
	EndGlobalSection
	GlobalSection(ExtensibilityGlobals) = postSolution
		SolutionGuid = {402565BF-EB43-479D-B6B0-33862FB83655}
	EndGlobalSection
EndGlobal
